
Microsoft Visual Studio Solution File, Format Version 12.00
# Visual Studio 15
VisualStudioVersion = 15.0.27703.2042
MinimumVisualStudioVersion = 10.0.40219.1
Project("{FAE04EC0-301F-11D3-BF4B-00C04F79EFBC}") = "UsbBackupper", "UsbBackupper\UsbBackupper.csproj", "{DBCBD4DE-B124-4E80-BFEA-30A8DF5D7DF3}"
EndProject
Global
	GlobalSection(SolutionConfigurationPlatforms) = preSolution
		Debug|Any CPU = Debug|Any CPU
		Release|Any CPU = Release|Any CPU
	EndGlobalSection
	GlobalSection(ProjectConfigurationPlatforms) = postSolution
		{DBCBD4DE-B124-4E80-BFEA-30A8DF5D7DF3}.Debug|Any CPU.ActiveCfg = Debug|Any CPU
		{DBCBD4DE-B124-4E80-BFEA-30A8DF5D7DF3}.Debug|Any CPU.Build.0 = Debug|Any CPU
		{DBCBD4DE-B124-4E80-BFEA-30A8DF5D7DF3}.Release|Any CPU.ActiveCfg = Release|Any CPU
		{DBCBD4DE-B124-4E80-BFEA-30A8DF5D7DF3}.Release|Any CPU.Build.0 = Release|Any CPU
	EndGlobalSection
	GlobalSection(SolutionProperties) = preSolution
		HideSolutionNode = FALSE
	EndGlobalSection
	GlobalSection(ExtensibilityGlobals) = postSolution
		SolutionGuid = {B281C007-ACCB-43EA-9E52-B1BFBCE680D5}
	EndGlobalSection
EndGlobal
